<?xml version="1.0" encoding="utf-8"?>
<Project ToolsVersion="4.0" xmlns="http://schemas.microsoft.com/developer/msbuild/2003">
  <ItemGroup>
    <Filter Include="Generated Files">
      <UniqueIdentifier>{71ED8ED8-ACB9-4CE9-BBE1-E00B30144E11}</UniqueIdentifier>
      <Extensions>moc;h;cpp</Extensions>
      <SourceControlFiles>False</SourceControlFiles>
    </Filter>
    <Filter Include="Generated Files\Debug">
      <UniqueIdentifier>{02d5022c-c394-44b9-b9b8-03ab334ecf8a}</UniqueIdentifier>
      <Extensions>cpp;moc</Extensions>
      <SourceControlFiles>False</SourceControlFiles>
    </Filter>
    <Filter Include="Generated Files\Release">
      <UniqueIdentifier>{4df9d0a1-d788-4c80-9e06-5bb93a50068a}</UniqueIdentifier>
      <Extensions>cpp;moc</Extensions>
      <SourceControlFiles>False</SourceControlFiles>
    </Filter>
    <Filter Include="BLL">
      <UniqueIdentifier>{e32b1c7e-a2cf-43f9-800b-b770629a4b66}</UniqueIdentifier>
    </Filter>
    <Filter Include="Model">
      <UniqueIdentifier>{c0a691e7-9585-4e47-86f4-a2ba5f9e9fad}</UniqueIdentifier>
    </Filter>
    <Filter Include="UI">
      <UniqueIdentifier>{f7fd2a87-3939-4b60-8258-a94596ac2d63}</UniqueIdentifier>
    </Filter>
    <Filter Include="UI\Input">
      <UniqueIdentifier>{fa8dff88-fd13-4f9c-be04-a06564664115}</UniqueIdentifier>
    </Filter>
    <Filter Include="UI\New">
      <UniqueIdentifier>{2d21f140-8cd4-40f3-9aaa-6c0f387f39b3}</UniqueIdentifier>
    </Filter>
    <Filter Include="UI\Setting">
      <UniqueIdentifier>{a68ca047-e021-4239-a765-2319c2ef63df}</UniqueIdentifier>
    </Filter>
    <Filter Include="Utils">
      <UniqueIdentifier>{4df405c4-5949-4226-850c-92081e9193b8}</UniqueIdentifier>
    </Filter>
    <Filter Include="UI\Event">
      <UniqueIdentifier>{df169a18-e93c-4749-bf4b-3584d5c72141}</UniqueIdentifier>
    </Filter>
    <Filter Include="UI\Info">
      <UniqueIdentifier>{3fcee0d5-641d-4389-8560-a9daee327391}</UniqueIdentifier>
    </Filter>
    <Filter Include="Utils\WebRequest">
      <UniqueIdentifier>{b1715aee-6a9c-4376-8945-5f53baf10b73}</UniqueIdentifier>
    </Filter>
    <Filter Include="Utils\XMLParser">
      <UniqueIdentifier>{46a5382f-6e15-4da2-870d-93efba7bd458}</UniqueIdentifier>
    </Filter>
    <Filter Include="Utils\ThreadUtil">
      <UniqueIdentifier>{bb6ff483-7d66-46e0-ba96-0ecde51eb530}</UniqueIdentifier>
    </Filter>
    <Filter Include="Utils\TransferData">
      <UniqueIdentifier>{699f8603-f30c-4096-afc7-e412de2e22a9}</UniqueIdentifier>
    </Filter>
    <Filter Include="Resource Files">
      <UniqueIdentifier>{D9D6E242-F8AF-46E4-B9FD-80ECBC20BA3E}</UniqueIdentifier>
      <Extensions>qrc;*</Extensions>
      <ParseFiles>false</ParseFiles>
    </Filter>
    <Filter Include="Utils\MiniDump">
      <UniqueIdentifier>{367e13ab-78e8-4766-958b-f0596307dbff}</UniqueIdentifier>
    </Filter>
  </ItemGroup>
  <ItemGroup>
    <ClCompile Include="GeneratedFiles\qrc_stocktool.cpp">
      <Filter>Generated Files</Filter>
    </ClCompile>
    <ClCompile Include="main.cpp" />
    <ClCompile Include="GeneratedFiles\Debug\moc_JKMainWin.cpp">
      <Filter>Generated Files\Debug</Filter>
    </ClCompile>
    <ClCompile Include="GeneratedFiles\Release\moc_JKMainWin.cpp">
      <Filter>Generated Files\Release</Filter>
    </ClCompile>
    <ClCompile Include="UI\JKMainWin.cpp">
      <Filter>UI</Filter>
    </ClCompile>
    <ClCompile Include="GeneratedFiles\Debug\moc_JKInfoWgt.cpp">
      <Filter>Generated Files\Debug</Filter>
    </ClCompile>
    <ClCompile Include="GeneratedFiles\Release\moc_JKInfoWgt.cpp">
      <Filter>Generated Files\Release</Filter>
    </ClCompile>
    <ClCompile Include="GeneratedFiles\Debug\moc_JKTrendChart.cpp">
      <Filter>Generated Files\Debug</Filter>
    </ClCompile>
    <ClCompile Include="GeneratedFiles\Release\moc_JKTrendChart.cpp">
      <Filter>Generated Files\Release</Filter>
    </ClCompile>
    <ClCompile Include="UI\JKTrendChart.cpp">
      <Filter>UI</Filter>
    </ClCompile>
    <ClCompile Include="stdafx.cpp" />
    <ClCompile Include="Model\JKBaseModel.cpp">
      <Filter>Model</Filter>
    </ClCompile>
    <ClCompile Include="BLL\JKBaseBLL.cpp">
      <Filter>BLL</Filter>
    </ClCompile>
    <ClCompile Include="BLL\JKStockCodeBLL.cpp">
      <Filter>BLL</Filter>
    </ClCompile>
    <ClCompile Include="BLL\JKProjectBLL.cpp">
      <Filter>BLL</Filter>
    </ClCompile>
    <ClCompile Include="Model\JKProjectModel.cpp">
      <Filter>Model</Filter>
    </ClCompile>
    <ClCompile Include="GeneratedFiles\Debug\moc_JKNewStockCodeWgt.cpp">
      <Filter>Generated Files\Debug</Filter>
    </ClCompile>
    <ClCompile Include="GeneratedFiles\Release\moc_JKNewStockCodeWgt.cpp">
      <Filter>Generated Files\Release</Filter>
    </ClCompile>
    <ClCompile Include="UI\JKNewStockCodeWgt.cpp">
      <Filter>UI\New</Filter>
    </ClCompile>
    <ClCompile Include="UI\JKBuyStockCodeWgt.cpp">
      <Filter>UI\Input</Filter>
    </ClCompile>
    <ClCompile Include="GeneratedFiles\Debug\moc_JKBuyStockCodeWgt.cpp">
      <Filter>Generated Files\Debug</Filter>
    </ClCompile>
    <ClCompile Include="GeneratedFiles\Release\moc_JKBuyStockCodeWgt.cpp">
      <Filter>Generated Files\Release</Filter>
    </ClCompile>
    <ClCompile Include="BLL\JKStockCodeTradeBLL.cpp">
      <Filter>BLL</Filter>
    </ClCompile>
    <ClCompile Include="Model\JKStockCodeModel.cpp">
      <Filter>Model</Filter>
    </ClCompile>
    <ClCompile Include="Model\JKStockCodeSettingModel.cpp">
      <Filter>Model</Filter>
    </ClCompile>
    <ClCompile Include="Model\JKStockCodeTradeModel.cpp">
      <Filter>Model</Filter>
    </ClCompile>
    <ClCompile Include="Model\JKModelFactory.cpp">
      <Filter>Model</Filter>
    </ClCompile>
    <ClCompile Include="BLL\JKBLLCommon.cpp">
      <Filter>BLL</Filter>
    </ClCompile>
    <ClCompile Include="UI\JKSettingLatestPrice.cpp">
      <Filter>UI\Setting</Filter>
    </ClCompile>
    <ClCompile Include="GeneratedFiles\Debug\moc_JKSettingLatestPrice.cpp">
      <Filter>Generated Files\Debug</Filter>
    </ClCompile>
    <ClCompile Include="GeneratedFiles\Release\moc_JKSettingLatestPrice.cpp">
      <Filter>Generated Files\Release</Filter>
    </ClCompile>
    <ClCompile Include="GeneratedFiles\Debug\moc_JKSellStockCodeWgt.cpp">
      <Filter>Generated Files\Debug</Filter>
    </ClCompile>
    <ClCompile Include="GeneratedFiles\Release\moc_JKSellStockCodeWgt.cpp">
      <Filter>Generated Files\Release</Filter>
    </ClCompile>
    <ClCompile Include="UI\JKSellStockCodeWgt.cpp">
      <Filter>UI\Input</Filter>
    </ClCompile>
    <ClCompile Include="Model\JKProjectVersionModel.cpp">
      <Filter>Model</Filter>
    </ClCompile>
    <ClCompile Include="Model\JKDatabase.cpp">
      <Filter>Model</Filter>
    </ClCompile>
    <ClCompile Include="GeneratedFiles\Debug\moc_JKNewProject.cpp">
      <Filter>Generated Files\Debug</Filter>
    </ClCompile>
    <ClCompile Include="GeneratedFiles\Release\moc_JKNewProject.cpp">
      <Filter>Generated Files\Release</Filter>
    </ClCompile>
    <ClCompile Include="UI\JKNewProject.cpp">
      <Filter>UI\New</Filter>
    </ClCompile>
    <ClCompile Include="Utils\JKCrawlPrice.cpp">
      <Filter>Utils</Filter>
    </ClCompile>
    <ClCompile Include="UI\JKUiEventDispatcher.cpp">
      <Filter>UI\Event</Filter>
    </ClCompile>
    <ClCompile Include="GeneratedFiles\Debug\moc_JKUiEventDispatcher.cpp">
      <Filter>Generated Files\Debug</Filter>
    </ClCompile>
    <ClCompile Include="GeneratedFiles\Release\moc_JKUiEventDispatcher.cpp">
      <Filter>Generated Files\Release</Filter>
    </ClCompile>
    <ClCompile Include="UI\JKEventType.cpp">
      <Filter>UI\Event</Filter>
    </ClCompile>
    <ClCompile Include="GeneratedFiles\Debug\moc_JKCrawlPrice.cpp">
      <Filter>Generated Files\Debug</Filter>
    </ClCompile>
    <ClCompile Include="GeneratedFiles\Release\moc_JKCrawlPrice.cpp">
      <Filter>Generated Files\Release</Filter>
    </ClCompile>
    <ClCompile Include="BLL\JKStockTradeUtil.cpp">
      <Filter>BLL</Filter>
    </ClCompile>
    <ClCompile Include="UI\JKStockTradeDetail.cpp">
      <Filter>UI\Info</Filter>
    </ClCompile>
    <ClCompile Include="GeneratedFiles\Debug\moc_JKStockTradeDetail.cpp">
      <Filter>Generated Files\Debug</Filter>
    </ClCompile>
    <ClCompile Include="GeneratedFiles\Release\moc_JKStockTradeDetail.cpp">
      <Filter>Generated Files\Release</Filter>
    </ClCompile>
    <ClCompile Include="Utils\WebRequest\JKRequestWebData.cpp">
      <Filter>Utils\WebRequest</Filter>
    </ClCompile>
    <ClCompile Include="Utils\ThreadUtil\JKThreadUtil.cpp">
      <Filter>Utils\ThreadUtil</Filter>
    </ClCompile>
    <ClCompile Include="Utils\XMLParser\JKParserHtmlData.cpp">
      <Filter>Utils\XMLParser</Filter>
    </ClCompile>
    <ClCompile Include="Utils\TransferData\JKTransferDataBase.cpp">
      <Filter>Utils\TransferData</Filter>
    </ClCompile>
    <ClCompile Include="Utils\TransferData\JKWebData.cpp">
      <Filter>Utils\TransferData</Filter>
    </ClCompile>
    <ClCompile Include="Utils\XMLParser\JKTagContextBase.cpp">
      <Filter>Utils\XMLParser</Filter>
    </ClCompile>
    <ClCompile Include="Utils\XMLParser\JKTagTextContext.cpp">
      <Filter>Utils\XMLParser</Filter>
    </ClCompile>
    <ClCompile Include="UI\JKInfoWgt.cpp">
      <Filter>UI\Info</Filter>
    </ClCompile>
    <ClCompile Include="GeneratedFiles\Debug\moc_JKAbout.cpp">
      <Filter>Generated Files\Debug</Filter>
    </ClCompile>
    <ClCompile Include="GeneratedFiles\Release\moc_JKAbout.cpp">
      <Filter>Generated Files\Release</Filter>
    </ClCompile>
    <ClCompile Include="UI\JKAbout.cpp">
      <Filter>UI</Filter>
    </ClCompile>
    <ClCompile Include="Model\JKStockCodeTradeItemModel.cpp">
      <Filter>Model</Filter>
    </ClCompile>
    <ClCompile Include="BLL\JKStockCodeTradeItemBLL.cpp">
      <Filter>BLL</Filter>
    </ClCompile>
    <ClCompile Include="UI\JKStockTableModel.cpp">
      <Filter>UI</Filter>
    </ClCompile>
    <ClCompile Include="GeneratedFiles\Debug\moc_JKStockTableModel.cpp">
      <Filter>Generated Files\Debug</Filter>
    </ClCompile>
    <ClCompile Include="GeneratedFiles\Release\moc_JKStockTableModel.cpp">
      <Filter>Generated Files\Release</Filter>
    </ClCompile>
    <ClCompile Include="UI\JKStockTableViewer.cpp">
      <Filter>UI</Filter>
    </ClCompile>
    <ClCompile Include="GeneratedFiles\Debug\moc_JKStockTableViewer.cpp">
      <Filter>Generated Files\Debug</Filter>
    </ClCompile>
    <ClCompile Include="GeneratedFiles\Release\moc_JKStockTableViewer.cpp">
      <Filter>Generated Files\Release</Filter>
    </ClCompile>
    <ClCompile Include="BLL\JKBLLContext.cpp">
      <Filter>BLL</Filter>
    </ClCompile>
    <ClCompile Include="Utils\MiniDump\JKMiniDump.cpp">
      <Filter>Utils\MiniDump</Filter>
    </ClCompile>
    <ClCompile Include="Utils\JKRecentProject.cpp">
      <Filter>Utils</Filter>
    </ClCompile>
    <ClCompile Include="UI\JKUiContext.cpp">
      <Filter>UI</Filter>
    </ClCompile>
    <ClCompile Include="GeneratedFiles\Debug\moc_JKSetTradeProperty.cpp">
      <Filter>Generated Files\Debug</Filter>
    </ClCompile>
    <ClCompile Include="GeneratedFiles\Release\moc_JKSetTradeProperty.cpp">
      <Filter>Generated Files\Release</Filter>
    </ClCompile>
    <ClCompile Include="UI\JKSetTradeProperty.cpp">
      <Filter>UI\Setting</Filter>
    </ClCompile>
    <ClCompile Include="Model\JKProjectSettingModel.cpp">
      <Filter>Model</Filter>
    </ClCompile>
    <ClCompile Include="BLL\JKProjectSettingBLL.cpp">
      <Filter>BLL</Filter>
    </ClCompile>
  </ItemGroup>
  <ItemGroup>
    <CustomBuild Include="UI\JKMainWin.h">
      <Filter>UI</Filter>
    </CustomBuild>
    <CustomBuild Include="UI\JKMainWin.ui">
      <Filter>UI</Filter>
    </CustomBuild>
    <CustomBuild Include="stocktool.qrc" />
    <CustomBuild Include="UI\JKTrendChart.ui">
      <Filter>UI</Filter>
    </CustomBuild>
    <CustomBuild Include="UI\JKTrendChart.h">
      <Filter>UI</Filter>
    </CustomBuild>
    <CustomBuild Include="UI\JKNewStockCodeWgt.ui">
      <Filter>UI\New</Filter>
    </CustomBuild>
    <CustomBuild Include="UI\JKNewStockCodeWgt.h">
      <Filter>UI\New</Filter>
    </CustomBuild>
    <CustomBuild Include="UI\JKBuyStockCodeWgt.h">
      <Filter>UI\Input</Filter>
    </CustomBuild>
    <CustomBuild Include="UI\JKBuyStockCodeWgt.ui">
      <Filter>UI\Input</Filter>
    </CustomBuild>
    <CustomBuild Include="UI\JKSettingLatestPrice.h">
      <Filter>UI\Setting</Filter>
    </CustomBuild>
    <CustomBuild Include="UI\JKSettingLatestPrice.ui">
      <Filter>UI\Setting</Filter>
    </CustomBuild>
    <CustomBuild Include="UI\JKSellStockCodeWgt.ui">
      <Filter>UI\Input</Filter>
    </CustomBuild>
    <CustomBuild Include="UI\JKSellStockCodeWgt.h">
      <Filter>UI\Input</Filter>
    </CustomBuild>
    <CustomBuild Include="UI\JKNewProject.ui">
      <Filter>UI\New</Filter>
    </CustomBuild>
    <CustomBuild Include="UI\JKNewProject.h">
      <Filter>UI\New</Filter>
    </CustomBuild>
    <CustomBuild Include="UI\JKUiEventDispatcher.h">
      <Filter>UI\Event</Filter>
    </CustomBuild>
    <CustomBuild Include="Utils\JKCrawlPrice.h">
      <Filter>Utils</Filter>
    </CustomBuild>
    <CustomBuild Include="UI\JKStockTradeDetail.ui">
      <Filter>UI\Info</Filter>
    </CustomBuild>
    <CustomBuild Include="UI\JKStockTradeDetail.h">
      <Filter>UI\Info</Filter>
    </CustomBuild>
    <CustomBuild Include="UI\JKInfoWgt.ui">
      <Filter>UI\Info</Filter>
    </CustomBuild>
    <CustomBuild Include="UI\JKInfoWgt.h">
      <Filter>UI\Info</Filter>
    </CustomBuild>
    <CustomBuild Include="UI\JKAbout.ui">
      <Filter>UI</Filter>
    </CustomBuild>
    <CustomBuild Include="UI\JKAbout.h">
      <Filter>UI</Filter>
    </CustomBuild>
    <CustomBuild Include="UI\JKStockTableModel.h">
      <Filter>UI</Filter>
    </CustomBuild>
    <CustomBuild Include="UI\JKStockTableViewer.h">
      <Filter>UI</Filter>
    </CustomBuild>
    <CustomBuild Include="UI\JKSetTradeProperty.ui">
      <Filter>UI\Setting</Filter>
    </CustomBuild>
    <CustomBuild Include="UI\JKSetTradeProperty.h">
      <Filter>UI\Setting</Filter>
    </CustomBuild>
  </ItemGroup>
  <ItemGroup>
    <ClInclude Include="GeneratedFiles\ui_JKMainWin.h">
      <Filter>Generated Files</Filter>
    </ClInclude>
    <ClInclude Include="GeneratedFiles\ui_JKInfoWgt.h">
      <Filter>Generated Files</Filter>
    </ClInclude>
    <ClInclude Include="GeneratedFiles\ui_JKTrendChart.h">
      <Filter>Generated Files</Filter>
    </ClInclude>
    <ClInclude Include="stdafx.h" />
    <ClInclude Include="Model\JKBaseModel.h">
      <Filter>Model</Filter>
    </ClInclude>
    <ClInclude Include="Model\JKProjectModel.h">
      <Filter>Model</Filter>
    </ClInclude>
    <ClInclude Include="BLL\JKBaseBLL.h">
      <Filter>BLL</Filter>
    </ClInclude>
    <ClInclude Include="BLL\JKStockCodeBLL.h">
      <Filter>BLL</Filter>
    </ClInclude>
    <ClInclude Include="BLL\JKProjectBLL.h">
      <Filter>BLL</Filter>
    </ClInclude>
    <ClInclude Include="GeneratedFiles\ui_JKNewStockCodeWgt.h">
      <Filter>Generated Files</Filter>
    </ClInclude>
    <ClInclude Include="GeneratedFiles\ui_JKBuyStockCodeWgt.h">
      <Filter>Generated Files</Filter>
    </ClInclude>
    <ClInclude Include="BLL\JKStockCodeTradeBLL.h">
      <Filter>BLL</Filter>
    </ClInclude>
    <ClInclude Include="Model\JKStockCodeModel.h">
      <Filter>Model</Filter>
    </ClInclude>
    <ClInclude Include="Model\JKStockCodeSettingModel.h">
      <Filter>Model</Filter>
    </ClInclude>
    <ClInclude Include="Model\JKStockCodeTradeModel.h">
      <Filter>Model</Filter>
    </ClInclude>
    <ClInclude Include="Model\JKModelFactory.h">
      <Filter>Model</Filter>
    </ClInclude>
    <ClInclude Include="BLL\JKBLLCommon.h">
      <Filter>BLL</Filter>
    </ClInclude>
    <ClInclude Include="GeneratedFiles\ui_JKSettingLatestPrice.h">
      <Filter>Generated Files</Filter>
    </ClInclude>
    <ClInclude Include="GeneratedFiles\ui_JKSellStockCodeWgt.h">
      <Filter>Generated Files</Filter>
    </ClInclude>
    <ClInclude Include="Model\JKProjectVersionModel.h">
      <Filter>Model</Filter>
    </ClInclude>
    <ClInclude Include="Model\JKDatabase.h">
      <Filter>Model</Filter>
    </ClInclude>
    <ClInclude Include="GeneratedFiles\ui_JKNewProject.h">
      <Filter>Generated Files</Filter>
    </ClInclude>
    <ClInclude Include="UI\JKEventType.h">
      <Filter>UI\Event</Filter>
    </ClInclude>
    <ClInclude Include="BLL\JKStockTradeUtil.h">
      <Filter>BLL</Filter>
    </ClInclude>
    <ClInclude Include="GeneratedFiles\ui_JKStockTradeDetail.h">
      <Filter>Generated Files</Filter>
    </ClInclude>
    <ClInclude Include="Utils\WebRequest\JKRequestWebData.h">
      <Filter>Utils\WebRequest</Filter>
    </ClInclude>
    <ClInclude Include="Utils\ThreadUtil\JKThreadUtil.h">
      <Filter>Utils\ThreadUtil</Filter>
    </ClInclude>
    <ClInclude Include="Utils\XMLParser\JKParserHtmlData.h">
      <Filter>Utils\XMLParser</Filter>
    </ClInclude>
    <ClInclude Include="Utils\TransferData\JKTransferDataBase.h">
      <Filter>Utils\TransferData</Filter>
    </ClInclude>
    <ClInclude Include="Utils\TransferData\JKWebData.h">
      <Filter>Utils\TransferData</Filter>
    </ClInclude>
    <ClInclude Include="Utils\XMLParser\JKTagTextContext.h">
      <Filter>Utils\XMLParser</Filter>
    </ClInclude>
    <ClInclude Include="Utils\XMLParser\JKTagContextBase.h">
      <Filter>Utils\XMLParser</Filter>
    </ClInclude>
    <ClInclude Include="resource.h">
      <Filter>Generated Files</Filter>
    </ClInclude>
    <ClInclude Include="GeneratedFiles\ui_JKAbout.h">
      <Filter>Generated Files</Filter>
    </ClInclude>
    <ClInclude Include="Model\JKStockCodeTradeItemModel.h">
      <Filter>Model</Filter>
    </ClInclude>
    <ClInclude Include="BLL\JKStockCodeTradeItemBLL.h">
      <Filter>BLL</Filter>
    </ClInclude>
    <ClInclude Include="BLL\JKBLLContext.h">
      <Filter>BLL</Filter>
    </ClInclude>
    <ClInclude Include="Utils\MiniDump\JKMiniDump.h">
      <Filter>Utils\MiniDump</Filter>
    </ClInclude>
    <ClInclude Include="Utils\JKRecentProject.h">
      <Filter>Utils</Filter>
    </ClInclude>
    <ClInclude Include="UI\JKUiContext.h">
      <Filter>UI</Filter>
    </ClInclude>
    <ClInclude Include="GeneratedFiles\ui_JKSetTradeProperty.h">
      <Filter>Generated Files</Filter>
    </ClInclude>
    <ClInclude Include="Model\JKProjectSettingModel.h">
      <Filter>Model</Filter>
    </ClInclude>
    <ClInclude Include="BLL\JKProjectSettingBLL.h">
      <Filter>BLL</Filter>
    </ClInclude>
    <ClInclude Include="BLL\JKBLLContainer.h">
      <Filter>BLL</Filter>
    </ClInclude>
  </ItemGroup>
  <ItemGroup>
    <ResourceCompile Include="StockTool.rc" />
  </ItemGroup>
  <ItemGroup>
    <Image Include="JKStockTool.ico" />
    <Image Include="UI\JKStockTool.ico">
      <Filter>Resource Files</Filter>
    </Image>
  </ItemGroup>
</Project>